{
  "name": "pilgrim",
  "lockfileVersion": 3,
  "requires": true,
  "packages": {
    "": {
      "dependencies": {
        "shopify-plugin": "github:Shopify/shopify-ai-toolkit"
      }
    },
    "node_modules/shopify-plugin": {
      "version": "1.6.1",
      "resolved": "git+ssh://git@github.com/Shopify/shopify-ai-toolkit.git#cc5af6505c27939222072449278f6356857cb064",
      "license": "MIT"
    }
  }
}
